
Microsoft Visual Studio Solution File, Format Version 12.00
# Visual Studio Version 17
VisualStudioVersion = 17.6.33723.286
MinimumVisualStudioVersion = 10.0.40219.1
Project("{FAE04EC0-301F-11D3-BF4B-00C04F79EFBC}") = "TestProject1", "TestProject1.csproj", "{599D80A6-DA27-480A-A49E-540B85057799}"
EndProject
Global
	GlobalSection(SolutionConfigurationPlatforms) = preSolution
		Debug|Any CPU = Debug|Any CPU
		Release|Any CPU = Release|Any CPU
	EndGlobalSection
	GlobalSection(ProjectConfigurationPlatforms) = postSolution
		{599D80A6-DA27-480A-A49E-540B85057799}.Debug|Any CPU.ActiveCfg = Debug|Any CPU
		{599D80A6-DA27-480A-A49E-540B85057799}.Debug|Any CPU.Build.0 = Debug|Any CPU
		{599D80A6-DA27-480A-A49E-540B85057799}.Release|Any CPU.ActiveCfg = Release|Any CPU
		{599D80A6-DA27-480A-A49E-540B85057799}.Release|Any CPU.Build.0 = Release|Any CPU
	EndGlobalSection
	GlobalSection(SolutionProperties) = preSolution
		HideSolutionNode = FALSE
	EndGlobalSection
	GlobalSection(ExtensibilityGlobals) = postSolution
		SolutionGuid = {A104E458-E48B-4945-B8AE-EC1AAEF711C6}
	EndGlobalSection
EndGlobal
